
Microsoft Visual Studio Solution File, Format Version 12.00
# Visual Studio Version 16
VisualStudioVersion = 16.0.30717.126
MinimumVisualStudioVersion = 10.0.40219.1
Project("{FAE04EC0-301F-11D3-BF4B-00C04F79EFBC}") = "task 2", "task 2\task 2.csproj", "{B982C62F-8366-4C83-9AE4-E6DD128D2490}"
EndProject
Global
	GlobalSection(SolutionConfigurationPlatforms) = preSolution
		Debug|Any CPU = Debug|Any CPU
		Release|Any CPU = Release|Any CPU
	EndGlobalSection
	GlobalSection(ProjectConfigurationPlatforms) = postSolution
		{B982C62F-8366-4C83-9AE4-E6DD128D2490}.Debug|Any CPU.ActiveCfg = Debug|Any CPU
		{B982C62F-8366-4C83-9AE4-E6DD128D2490}.Debug|Any CPU.Build.0 = Debug|Any CPU
		{B982C62F-8366-4C83-9AE4-E6DD128D2490}.Release|Any CPU.ActiveCfg = Release|Any CPU
		{B982C62F-8366-4C83-9AE4-E6DD128D2490}.Release|Any CPU.Build.0 = Release|Any CPU
	EndGlobalSection
	GlobalSection(SolutionProperties) = preSolution
		HideSolutionNode = FALSE
	EndGlobalSection
	GlobalSection(ExtensibilityGlobals) = postSolution
		SolutionGuid = {5B21BDC5-C736-4B32-A60F-3CCD1E8128AD}
	EndGlobalSection
EndGlobal
